
Microsoft Visual Studio Solution File, Format Version 12.00
# Visual Studio 15
VisualStudioVersion = 15.0.27703.2000
MinimumVisualStudioVersion = 10.0.40219.1
Project("{E24C65DC-7377-472B-9ABA-BC803B73C61A}") = "Practice1website", "Practice1website\", "{C2AF54CF-10A7-4EAC-B4F9-56D3788E42E3}"
	ProjectSection(WebsiteProperties) = preProject
		TargetFrameworkMoniker = ".NETFramework,Version%3Dv4.6.1"
		Debug.AspNetCompiler.VirtualPath = "/localhost_56122"
		Debug.AspNetCompiler.PhysicalPath = "Practice1website\"
		Debug.AspNetCompiler.TargetPath = "PrecompiledWeb\localhost_56122\"
		Debug.AspNetCompiler.Updateable = "true"
		Debug.AspNetCompiler.ForceOverwrite = "true"
		Debug.AspNetCompiler.FixedNames = "false"
		Debug.AspNetCompiler.Debug = "True"
		Release.AspNetCompiler.VirtualPath = "/localhost_56122"
		Release.AspNetCompiler.PhysicalPath = "Practice1website\"
		Release.AspNetCompiler.TargetPath = "PrecompiledWeb\localhost_56122\"
		Release.AspNetCompiler.Updateable = "true"
		Release.AspNetCompiler.ForceOverwrite = "true"
		Release.AspNetCompiler.FixedNames = "false"
		Release.AspNetCompiler.Debug = "False"
		VWDPort = "56122"
		SlnRelativePath = "Practice1website\"
		DefaultWebSiteLanguage = "Visual C#"
	EndProjectSection
EndProject
Global
	GlobalSection(SolutionConfigurationPlatforms) = preSolution
		Debug|Any CPU = Debug|Any CPU
	EndGlobalSection
	GlobalSection(ProjectConfigurationPlatforms) = postSolution
		{C2AF54CF-10A7-4EAC-B4F9-56D3788E42E3}.Debug|Any CPU.ActiveCfg = Debug|Any CPU
		{C2AF54CF-10A7-4EAC-B4F9-56D3788E42E3}.Debug|Any CPU.Build.0 = Debug|Any CPU
	EndGlobalSection
	GlobalSection(SolutionProperties) = preSolution
		HideSolutionNode = FALSE
	EndGlobalSection
	GlobalSection(ExtensibilityGlobals) = postSolution
		SolutionGuid = {004B1864-389E-469F-A0CF-AE91B3C04FAC}
	EndGlobalSection
EndGlobal
